
Microsoft Visual Studio Solution File, Format Version 12.00
# Visual Studio Version 17
VisualStudioVersion = 17.6.33829.357
MinimumVisualStudioVersion = 10.0.40219.1
Project("{888888A0-9F3D-457C-B088-3A5042F75D52}") = "DALIBENCH", "DALIBENCH.pyproj", "{F363E8AC-0EA4-4D42-9879-A0BCEF66854B}"
EndProject
Global
	GlobalSection(SolutionConfigurationPlatforms) = preSolution
		Debug|Any CPU = Debug|Any CPU
		Release|Any CPU = Release|Any CPU
	EndGlobalSection
	GlobalSection(ProjectConfigurationPlatforms) = postSolution
		{F363E8AC-0EA4-4D42-9879-A0BCEF66854B}.Debug|Any CPU.ActiveCfg = Debug|Any CPU
		{F363E8AC-0EA4-4D42-9879-A0BCEF66854B}.Release|Any CPU.ActiveCfg = Release|Any CPU
	EndGlobalSection
	GlobalSection(SolutionProperties) = preSolution
		HideSolutionNode = FALSE
	EndGlobalSection
	GlobalSection(ExtensibilityGlobals) = postSolution
		SolutionGuid = {642B48F8-A5B5-43F8-82E0-5BE3F36DB3C8}
	EndGlobalSection
EndGlobal
